// !$*UTF8*$!
{
	archiveVersion = 1;
	classes = {
	};
	objectVersion = 50;
	objects = {

/* Begin PBXBuildFile section */
		BE019DE324AC236D00D79A08 /* README.md in Resources */ = {isa = PBXBuildFile; fileRef = BE019DE224AC236D00D79A08 /* README.md */; };
		BE0988C624B1FBA5007A6C1A /* HomeView.swift in Sources */ = {isa = PBXBuildFile; fileRef = BE0988C524B1FBA5007A6C1A /* HomeView.swift */; };
		BE0988C824B1FBB5007A6C1A /* YourStoryView.swift in Sources */ = {isa = PBXBuildFile; fileRef = BE0988C724B1FBB5007A6C1A /* YourStoryView.swift */; };
		BE44AEEB24B44CF60022FFFD /* SplashScreenView.swift in Sources */ = {isa = PBXBuildFile; fileRef = BE44AEEA24B44CF60022FFFD /* SplashScreenView.swift */; };
		BE44AEED24B47E710022FFFD /* Constants.swift in Sources */ = {isa = PBXBuildFile; fileRef = BE44AEEC24B47E710022FFFD /* Constants.swift */; };
		BE903B1924ABA8F600DB57E3 /* DataRepository.swift in Sources */ = {isa = PBXBuildFile; fileRef = BE903B1824ABA8F600DB57E3 /* DataRepository.swift */; };
		BEA7737C24AB830D005A8D9E /* AppDelegate.swift in Sources */ = {isa = PBXBuildFile; fileRef = BEA7737B24AB830D005A8D9E /* AppDelegate.swift */; };
		BEA7737E24AB830D005A8D9E /* SceneDelegate.swift in Sources */ = {isa = PBXBuildFile; fileRef = BEA7737D24AB830D005A8D9E /* SceneDelegate.swift */; };
		BEA7738024AB830D005A8D9E /* UInstagramView.swift in Sources */ = {isa = PBXBuildFile; fileRef = BEA7737F24AB830D005A8D9E /* UInstagramView.swift */; };
		BEA7738224AB830D005A8D9E /* Assets.xcassets in Resources */ = {isa = PBXBuildFile; fileRef = BEA7738124AB830D005A8D9E /* Assets.xcassets */; };
		BEA7738524AB830D005A8D9E /* Preview Assets.xcassets in Resources */ = {isa = PBXBuildFile; fileRef = BEA7738424AB830D005A8D9E /* Preview Assets.xcassets */; };
		BEA7738824AB830D005A8D9E /* LaunchScreen.storyboard in Resources */ = {isa = PBXBuildFile; fileRef = BEA7738624AB830D005A8D9E /* LaunchScreen.storyboard */; };
		BEB270F224ADFFF60078AFBE /* Color.swift in Sources */ = {isa = PBXBuildFile; fileRef = BEB270F124ADFFF60078AFBE /* Color.swift */; };
		BEFB4A8324ADB3D400C051B7 /* Post.swift in Sources */ = {isa = PBXBuildFile; fileRef = BEFB4A8224ADB3D400C051B7 /* Post.swift */; };
		BEFB4A8524ADB3FB00C051B7 /* Profile.swift in Sources */ = {isa = PBXBuildFile; fileRef = BEFB4A8424ADB3FB00C051B7 /* Profile.swift */; };
		BEFB4A8A24ADB97500C051B7 /* PostView.swift in Sources */ = {isa = PBXBuildFile; fileRef = BEFB4A8924ADB97500C051B7 /* PostView.swift */; };
		BEFB4A9024ADBA4900C051B7 /* StoryView.swift in Sources */ = {isa = PBXBuildFile; fileRef = BEFB4A8F24ADBA4900C051B7 /* StoryView.swift */; };
/* End PBXBuildFile section */

/* Begin PBXFileReference section */
		BE019DE224AC236D00D79A08 /* README.md */ = {isa = PBXFileReference; fileEncoding = 4; lastKnownFileType = net.daringfireball.markdown; path = README.md; sourceTree = "<group>"; };
		BE0988C524B1FBA5007A6C1A /* HomeView.swift */ = {isa = PBXFileReference; lastKnownFileType = sourcecode.swift; path = HomeView.swift; sourceTree = "<group>"; };
		BE0988C724B1FBB5007A6C1A /* YourStoryView.swift */ = {isa = PBXFileReference; lastKnownFileType = sourcecode.swift; path = YourStoryView.swift; sourceTree = "<group>"; };
		BE44AEEA24B44CF60022FFFD /* SplashScreenView.swift */ = {isa = PBXFileReference; lastKnownFileType = sourcecode.swift; path = SplashScreenView.swift; sourceTree = "<group>"; };
		BE44AEEC24B47E710022FFFD /* Constants.swift */ = {isa = PBXFileReference; lastKnownFileType = sourcecode.swift; path = Constants.swift; sourceTree = "<group>"; };
		BE903B1824ABA8F600DB57E3 /* DataRepository.swift */ = {isa = PBXFileReference; lastKnownFileType = sourcecode.swift; path = DataRepository.swift; sourceTree = "<group>"; };
		BEA7737824AB830D005A8D9E /* UInstagram.app */ = {isa = PBXFileReference; explicitFileType = wrapper.application; includeInIndex = 0; path = UInstagram.app; sourceTree = BUILT_PRODUCTS_DIR; };
		BEA7737B24AB830D005A8D9E /* AppDelegate.swift */ = {isa = PBXFileReference; lastKnownFileType = sourcecode.swift; path = AppDelegate.swift; sourceTree = "<group>"; };
		BEA7737D24AB830D005A8D9E /* SceneDelegate.swift */ = {isa = PBXFileReference; lastKnownFileType = sourcecode.swift; path = SceneDelegate.swift; sourceTree = "<group>"; };
		BEA7737F24AB830D005A8D9E /* UInstagramView.swift */ = {isa = PBXFileReference; lastKnownFileType = sourcecode.swift; path = UInstagramView.swift; sourceTree = "<group>"; };
		BEA7738124AB830D005A8D9E /* Assets.xcassets */ = {isa = PBXFileReference; lastKnownFileType = folder.assetcatalog; path = Assets.xcassets; sourceTree = "<group>"; };
		BEA7738424AB830D005A8D9E /* Preview Assets.xcassets */ = {isa = PBXFileReference; lastKnownFileType = folder.assetcatalog; path = "Preview Assets.xcassets"; sourceTree = "<group>"; };
		BEA7738724AB830D005A8D9E /* Base */ = {isa = PBXFileReference; lastKnownFileType = file.storyboard; name = Base; path = Base.lproj/LaunchScreen.storyboard; sourceTree = "<group>"; };
		BEA7738924AB830D005A8D9E /* Info.plist */ = {isa = PBXFileReference; lastKnownFileType = text.plist.xml; path = Info.plist; sourceTree = "<group>"; };
		BEB270F124ADFFF60078AFBE /* Color.swift */ = {isa = PBXFileReference; lastKnownFileType = sourcecode.swift; path = Color.swift; sourceTree = "<group>"; };
		BEFB4A8224ADB3D400C051B7 /* Post.swift */ = {isa = PBXFileReference; lastKnownFileType = sourcecode.swift; path = Post.swift; sourceTree = "<group>"; };
		BEFB4A8424ADB3FB00C051B7 /* Profile.swift */ = {isa = PBXFileReference; lastKnownFileType = sourcecode.swift; path = Profile.swift; sourceTree = "<group>"; };
		BEFB4A8924ADB97500C051B7 /* PostView.swift */ = {isa = PBXFileReference; lastKnownFileType = sourcecode.swift; path = PostView.swift; sourceTree = "<group>"; };
		BEFB4A8F24ADBA4900C051B7 /* StoryView.swift */ = {isa = PBXFileReference; lastKnownFileType = sourcecode.swift; path = StoryView.swift; sourceTree = "<group>"; };
/* End PBXFileReference section */

/* Begin PBXFrameworksBuildPhase section */
		BEA7737524AB830D005A8D9E /* Frameworks */ = {
			isa = PBXFrameworksBuildPhase;
			buildActionMask = 2147483647;
			files = (
			);
			runOnlyForDeploymentPostprocessing = 0;
		};
/* End PBXFrameworksBuildPhase section */

/* Begin PBXGroup section */
		BEA7736F24AB830D005A8D9E = {
			isa = PBXGroup;
			children = (
				BEA7737A24AB830D005A8D9E /* UInstagram */,
				BEA7737924AB830D005A8D9E /* Products */,
				BE019DE224AC236D00D79A08 /* README.md */,
			);
			sourceTree = "<group>";
		};
		BEA7737924AB830D005A8D9E /* Products */ = {
			isa = PBXGroup;
			children = (
				BEA7737824AB830D005A8D9E /* UInstagram.app */,
			);
			name = Products;
			sourceTree = "<group>";
		};
		BEA7737A24AB830D005A8D9E /* UInstagram */ = {
			isa = PBXGroup;
			children = (
				BEA7738924AB830D005A8D9E /* Info.plist */,
				BEA7737B24AB830D005A8D9E /* AppDelegate.swift */,
				BE903B1824ABA8F600DB57E3 /* DataRepository.swift */,
				BEA7737D24AB830D005A8D9E /* SceneDelegate.swift */,
				BEA7738124AB830D005A8D9E /* Assets.xcassets */,
				BEA7738624AB830D005A8D9E /* LaunchScreen.storyboard */,
				BEFB4A8024ADB39C00C051B7 /* Views */,
				BEFB4A8124ADB3A800C051B7 /* Models */,
				BEB270EE24ADFD380078AFBE /* Extensions */,
				BEA7738324AB830D005A8D9E /* Preview Content */,
			);
			path = UInstagram;
			sourceTree = "<group>";
		};
		BEA7738324AB830D005A8D9E /* Preview Content */ = {
			isa = PBXGroup;
			children = (
				BEA7738424AB830D005A8D9E /* Preview Assets.xcassets */,
			);
			path = "Preview Content";
			sourceTree = "<group>";
		};
		BEB270EE24ADFD380078AFBE /* Extensions */ = {
			isa = PBXGroup;
			children = (
				BEB270F124ADFFF60078AFBE /* Color.swift */,
			);
			path = Extensions;
			sourceTree = "<group>";
		};
		BEFB4A8024ADB39C00C051B7 /* Views */ = {
			isa = PBXGroup;
			children = (
				BEA7737F24AB830D005A8D9E /* UInstagramView.swift */,
				BE0988C524B1FBA5007A6C1A /* HomeView.swift */,
				BE0988C724B1FBB5007A6C1A /* YourStoryView.swift */,
				BEFB4A8F24ADBA4900C051B7 /* StoryView.swift */,
				BEFB4A8924ADB97500C051B7 /* PostView.swift */,
				BE44AEEA24B44CF60022FFFD /* SplashScreenView.swift */,
				BE44AEEC24B47E710022FFFD /* Constants.swift */,
			);
			path = Views;
			sourceTree = "<group>";
		};
		BEFB4A8124ADB3A800C051B7 /* Models */ = {
			isa = PBXGroup;
			children = (
				BEFB4A8224ADB3D400C051B7 /* Post.swift */,
				BEFB4A8424ADB3FB00C051B7 /* Profile.swift */,
			);
			path = Models;
			sourceTree = "<group>";
		};
/* End PBXGroup section */

/* Begin PBXNativeTarget section */
		BEA7737724AB830D005A8D9E /* UInstagram */ = {
			isa = PBXNativeTarget;
			buildConfigurationList = BEA7738C24AB830D005A8D9E /* Build configuration list for PBXNativeTarget "UInstagram" */;
			buildPhases = (
				BEA7737424AB830D005A8D9E /* Sources */,
				BEA7737524AB830D005A8D9E /* Frameworks */,
				BEA7737624AB830D005A8D9E /* Resources */,
			);
			buildRules = (
			);
			dependencies = (
			);
			name = UInstagram;
			productName = UInstagram;
			productReference = BEA7737824AB830D005A8D9E /* UInstagram.app */;
			productType = "com.apple.product-type.application";
		};
/* End PBXNativeTarget section */

/* Begin PBXProject section */
		BEA7737024AB830D005A8D9E /* Project object */ = {
			isa = PBXProject;
			attributes = {
				LastSwiftUpdateCheck = 1150;
				LastUpgradeCheck = 1150;
				ORGANIZATIONNAME = "Sébastien Goetz";
				TargetAttributes = {
					BEA7737724AB830D005A8D9E = {
						CreatedOnToolsVersion = 11.5;
					};
				};
			};
			buildConfigurationList = BEA7737324AB830D005A8D9E /* Build configuration list for PBXProject "UInstagram" */;
			compatibilityVersion = "Xcode 9.3";
			developmentRegion = en;
			hasScannedForEncodings = 0;
			knownRegions = (
				en,
				Base,
			);
			mainGroup = BEA7736F24AB830D005A8D9E;
			productRefGroup = BEA7737924AB830D005A8D9E /* Products */;
			projectDirPath = "";
			projectRoot = "";
			targets = (
				BEA7737724AB830D005A8D9E /* UInstagram */,
			);
		};
/* End PBXProject section */

/* Begin PBXResourcesBuildPhase section */
		BEA7737624AB830D005A8D9E /* Resources */ = {
			isa = PBXResourcesBuildPhase;
			buildActionMask = 2147483647;
			files = (
				BEA7738824AB830D005A8D9E /* LaunchScreen.storyboard in Resources */,
				BEA7738524AB830D005A8D9E /* Preview Assets.xcassets in Resources */,
				BE019DE324AC236D00D79A08 /* README.md in Resources */,
				BEA7738224AB830D005A8D9E /* Assets.xcassets in Resources */,
			);
			runOnlyForDeploymentPostprocessing = 0;
		};
/* End PBXResourcesBuildPhase section */

/* Begin PBXSourcesBuildPhase section */
		BEA7737424AB830D005A8D9E /* Sources */ = {
			isa = PBXSourcesBuildPhase;
			buildActionMask = 2147483647;
			files = (
				BEFB4A9024ADBA4900C051B7 /* StoryView.swift in Sources */,
				BEA7737C24AB830D005A8D9E /* AppDelegate.swift in Sources */,
				BEFB4A8524ADB3FB00C051B7 /* Profile.swift in Sources */,
				BEB270F224ADFFF60078AFBE /* Color.swift in Sources */,
				BE0988C624B1FBA5007A6C1A /* HomeView.swift in Sources */,
				BE0988C824B1FBB5007A6C1A /* YourStoryView.swift in Sources */,
				BEA7737E24AB830D005A8D9E /* SceneDelegate.swift in Sources */,
				BE44AEED24B47E710022FFFD /* Constants.swift in Sources */,
				BE903B1924ABA8F600DB57E3 /* DataRepository.swift in Sources */,
				BEFB4A8A24ADB97500C051B7 /* PostView.swift in Sources */,
				BEA7738024AB830D005A8D9E /* UInstagramView.swift in Sources */,
				BEFB4A8324ADB3D400C051B7 /* Post.swift in Sources */,
				BE44AEEB24B44CF60022FFFD /* SplashScreenView.swift in Sources */,
			);
			runOnlyForDeploymentPostprocessing = 0;
		};
/* End PBXSourcesBuildPhase section */

/* Begin PBXVariantGroup section */
		BEA7738624AB830D005A8D9E /* LaunchScreen.storyboard */ = {
			isa = PBXVariantGroup;
			children = (
				BEA7738724AB830D005A8D9E /* Base */,
			);
			name = LaunchScreen.storyboard;
			sourceTree = "<group>";
		};
/* End PBXVariantGroup section */

/* Begin XCBuildConfiguration section */
		BEA7738A24AB830D005A8D9E /* Debug */ = {
			isa = XCBuildConfiguration;
			buildSettings = {
				ALWAYS_SEARCH_USER_PATHS = NO;
				CLANG_ANALYZER_NONNULL = YES;
				CLANG_ANALYZER_NUMBER_OBJECT_CONVERSION = YES_AGGRESSIVE;
				CLANG_CXX_LANGUAGE_STANDARD = "gnu++14";
				CLANG_CXX_LIBRARY = "libc++";
				CLANG_ENABLE_MODULES = YES;
				CLANG_ENABLE_OBJC_ARC = YES;
				CLANG_ENABLE_OBJC_WEAK = YES;
				CLANG_WARN_BLOCK_CAPTURE_AUTORELEASING = YES;
				CLANG_WARN_BOOL_CONVERSION = YES;
				CLANG_WARN_COMMA = YES;
				CLANG_WARN_CONSTANT_CONVERSION = YES;
				CLANG_WARN_DEPRECATED_OBJC_IMPLEMENTATIONS = YES;
				CLANG_WARN_DIRECT_OBJC_ISA_USAGE = YES_ERROR;
				CLANG_WARN_DOCUMENTATION_COMMENTS = YES;
				CLANG_WARN_EMPTY_BODY = YES;
				CLANG_WARN_ENUM_CONVERSION = YES;
				CLANG_WARN_INFINITE_RECURSION = YES;
				CLANG_WARN_INT_CONVERSION = YES;
				CLANG_WARN_NON_LITERAL_NULL_CONVERSION = YES;
				CLANG_WARN_OBJC_IMPLICIT_RETAIN_SELF = YES;
				CLANG_WARN_OBJC_LITERAL_CONVERSION = YES;
				CLANG_WARN_OBJC_ROOT_CLASS = YES_ERROR;
				CLANG_WARN_RANGE_LOOP_ANALYSIS = YES;
				CLANG_WARN_STRICT_PROTOTYPES = YES;
				CLANG_WARN_SUSPICIOUS_MOVE = YES;
				CLANG_WARN_UNGUARDED_AVAILABILITY = YES_AGGRESSIVE;
				CLANG_WARN_UNREACHABLE_CODE = YES;
				CLANG_WARN__DUPLICATE_METHOD_MATCH = YES;
				COPY_PHASE_STRIP = NO;
				DEBUG_INFORMATION_FORMAT = dwarf;
				ENABLE_STRICT_OBJC_MSGSEND = YES;
				ENABLE_TESTABILITY = YES;
				GCC_C_LANGUAGE_STANDARD = gnu11;
				GCC_DYNAMIC_NO_PIC = NO;
				GCC_NO_COMMON_BLOCKS = YES;
				GCC_OPTIMIZATION_LEVEL = 0;
				GCC_PREPROCESSOR_DEFINITIONS = (
					"DEBUG=1",
					"$(inherited)",
				);
				GCC_WARN_64_TO_32_BIT_CONVERSION = YES;
				GCC_WARN_ABOUT_RETURN_TYPE = YES_ERROR;
				GCC_WARN_UNDECLARED_SELECTOR = YES;
				GCC_WARN_UNINITIALIZED_AUTOS = YES_AGGRESSIVE;
				GCC_WARN_UNUSED_FUNCTION = YES;
				GCC_WARN_UNUSED_VARIABLE = YES;
				IPHONEOS_DEPLOYMENT_TARGET = 13.5;
				MTL_ENABLE_DEBUG_INFO = INCLUDE_SOURCE;
				MTL_FAST_MATH = YES;
				ONLY_ACTIVE_ARCH = YES;
				SDKROOT = iphoneos;
				SWIFT_ACTIVE_COMPILATION_CONDITIONS = DEBUG;
				SWIFT_OPTIMIZATION_LEVEL = "-Onone";
			};
			name = Debug;
		};
		BEA7738B24AB830D005A8D9E /* Release */ = {
			isa = XCBuildConfiguration;
			buildSettings = {
				ALWAYS_SEARCH_USER_PATHS = NO;
				CLANG_ANALYZER_NONNULL = YES;
				CLANG_ANALYZER_NUMBER_OBJECT_CONVERSION = YES_AGGRESSIVE;
				CLANG_CXX_LANGUAGE_STANDARD = "gnu++14";
				CLANG_CXX_LIBRARY = "libc++";
				CLANG_ENABLE_MODULES = YES;
				CLANG_ENABLE_OBJC_ARC = YES;
				CLANG_ENABLE_OBJC_WEAK = YES;
				CLANG_WARN_BLOCK_CAPTURE_AUTORELEASING = YES;
				CLANG_WARN_BOOL_CONVERSION = YES;
				CLANG_WARN_COMMA = YES;
				CLANG_WARN_CONSTANT_CONVERSION = YES;
				CLANG_WARN_DEPRECATED_OBJC_IMPLEMENTATIONS = YES;
				CLANG_WARN_DIRECT_OBJC_ISA_USAGE = YES_ERROR;
				CLANG_WARN_DOCUMENTATION_COMMENTS = YES;
				CLANG_WARN_EMPTY_BODY = YES;
				CLANG_WARN_ENUM_CONVERSION = YES;
				CLANG_WARN_INFINITE_RECURSION = YES;
				CLANG_WARN_INT_CONVERSION = YES;
				CLANG_WARN_NON_LITERAL_NULL_CONVERSION = YES;
				CLANG_WARN_OBJC_IMPLICIT_RETAIN_SELF = YES;
				CLANG_WARN_OBJC_LITERAL_CONVERSION = YES;
				CLANG_WARN_OBJC_ROOT_CLASS = YES_ERROR;
				CLANG_WARN_RANGE_LOOP_ANALYSIS = YES;
				CLANG_WARN_STRICT_PROTOTYPES = YES;
				CLANG_WARN_SUSPICIOUS_MOVE = YES;
				CLANG_WARN_UNGUARDED_AVAILABILITY = YES_AGGRESSIVE;
				CLANG_WARN_UNREACHABLE_CODE = YES;
				CLANG_WARN__DUPLICATE_METHOD_MATCH = YES;
				COPY_PHASE_STRIP = NO;
				DEBUG_INFORMATION_FORMAT = "dwarf-with-dsym";
				ENABLE_NS_ASSERTIONS = NO;
				ENABLE_STRICT_OBJC_MSGSEND = YES;
				GCC_C_LANGUAGE_STANDARD = gnu11;
				GCC_NO_COMMON_BLOCKS = YES;
				GCC_WARN_64_TO_32_BIT_CONVERSION = YES;
				GCC_WARN_ABOUT_RETURN_TYPE = YES_ERROR;
				GCC_WARN_UNDECLARED_SELECTOR = YES;
				GCC_WARN_UNINITIALIZED_AUTOS = YES_AGGRESSIVE;
				GCC_WARN_UNUSED_FUNCTION = YES;
				GCC_WARN_UNUSED_VARIABLE = YES;
				IPHONEOS_DEPLOYMENT_TARGET = 13.5;
				MTL_ENABLE_DEBUG_INFO = NO;
				MTL_FAST_MATH = YES;
				SDKROOT = iphoneos;
				SWIFT_COMPILATION_MODE = wholemodule;
				SWIFT_OPTIMIZATION_LEVEL = "-O";
				VALIDATE_PRODUCT = YES;
			};
			name = Release;
		};
		BEA7738D24AB830D005A8D9E /* Debug */ = {
			isa = XCBuildConfiguration;
			buildSettings = {
				ASSETCATALOG_COMPILER_APPICON_NAME = AppIcon;
				CODE_SIGN_STYLE = Automatic;
				DEVELOPMENT_ASSET_PATHS = "\"UInstagram/Preview Content\"";
				DEVELOPMENT_TEAM = ZHF5UDU3G8;
				ENABLE_PREVIEWS = YES;
				INFOPLIST_FILE = UInstagram/Info.plist;
				LD_RUNPATH_SEARCH_PATHS = (
					"$(inherited)",
					"@executable_path/Frameworks",
				);
				PRODUCT_BUNDLE_IDENTIFIER = cloud.goetz.sebastien.UInstagram;
				PRODUCT_NAME = "$(TARGET_NAME)";
				SWIFT_VERSION = 5.0;
				TARGETED_DEVICE_FAMILY = "1,2";
			};
			name = Debug;
		};
		BEA7738E24AB830D005A8D9E /* Release */ = {
			isa = XCBuildConfiguration;
			buildSettings = {
				ASSETCATALOG_COMPILER_APPICON_NAME = AppIcon;
				CODE_SIGN_STYLE = Automatic;
				DEVELOPMENT_ASSET_PATHS = "\"UInstagram/Preview Content\"";
				DEVELOPMENT_TEAM = ZHF5UDU3G8;
				ENABLE_PREVIEWS = YES;
				INFOPLIST_FILE = UInstagram/Info.plist;
				LD_RUNPATH_SEARCH_PATHS = (
					"$(inherited)",
					"@executable_path/Frameworks",
				);
				PRODUCT_BUNDLE_IDENTIFIER = cloud.goetz.sebastien.UInstagram;
				PRODUCT_NAME = "$(TARGET_NAME)";
				SWIFT_VERSION = 5.0;
				TARGETED_DEVICE_FAMILY = "1,2";
			};
			name = Release;
		};
/* End XCBuildConfiguration section */

/* Begin XCConfigurationList section */
		BEA7737324AB830D005A8D9E /* Build configuration list for PBXProject "UInstagram" */ = {
			isa = XCConfigurationList;
			buildConfigurations = (
				BEA7738A24AB830D005A8D9E /* Debug */,
				BEA7738B24AB830D005A8D9E /* Release */,
			);
			defaultConfigurationIsVisible = 0;
			defaultConfigurationName = Release;
		};
		BEA7738C24AB830D005A8D9E /* Build configuration list for PBXNativeTarget "UInstagram" */ = {
			isa = XCConfigurationList;
			buildConfigurations = (
				BEA7738D24AB830D005A8D9E /* Debug */,
				BEA7738E24AB830D005A8D9E /* Release */,
			);
			defaultConfigurationIsVisible = 0;
			defaultConfigurationName = Release;
		};
/* End XCConfigurationList section */
	};
	rootObject = BEA7737024AB830D005A8D9E /* Project object */;
}
